// !$*UTF8*$!
{
	archiveVersion = 1;
	classes = {
	};
	objectVersion = 50;
	objects = {

/* Begin PBXBuildFile section */
		0281617B2590C3C700C3FA0C /* AppDelegate.swift in Sources */ = {isa = PBXBuildFile; fileRef = 0281617A2590C3C700C3FA0C /* AppDelegate.swift */; };
		0281617D2590C3C700C3FA0C /* SceneDelegate.swift in Sources */ = {isa = PBXBuildFile; fileRef = 0281617C2590C3C700C3FA0C /* SceneDelegate.swift */; };
		0281617F2590C3C700C3FA0C /* ViewController.swift in Sources */ = {isa = PBXBuildFile; fileRef = 0281617E2590C3C700C3FA0C /* ViewController.swift */; };
		028161822590C3C700C3FA0C /* Main.storyboard in Resources */ = {isa = PBXBuildFile; fileRef = 028161802590C3C700C3FA0C /* Main.storyboard */; };
		028161842590C3C900C3FA0C /* Assets.xcassets in Resources */ = {isa = PBXBuildFile; fileRef = 028161832590C3C900C3FA0C /* Assets.xcassets */; };
		028161872590C3C900C3FA0C /* LaunchScreen.storyboard in Resources */ = {isa = PBXBuildFile; fileRef = 028161852590C3C900C3FA0C /* LaunchScreen.storyboard */; };
		02EF5DF02591E13C00700FC6 /* Repo.swift in Sources */ = {isa = PBXBuildFile; fileRef = 02EF5DEF2591E13C00700FC6 /* Repo.swift */; };
		02EF5DF32591E14400700FC6 /* RepoViewModel.swift in Sources */ = {isa = PBXBuildFile; fileRef = 02EF5DF22591E14400700FC6 /* RepoViewModel.swift */; };
		02EF5DF82591E3A300700FC6 /* GetReposResponse.swift in Sources */ = {isa = PBXBuildFile; fileRef = 02EF5DF72591E3A300700FC6 /* GetReposResponse.swift */; };
		02EF5DFD2591E59200700FC6 /* GetReposRequest.swift in Sources */ = {isa = PBXBuildFile; fileRef = 02EF5DFC2591E59200700FC6 /* GetReposRequest.swift */; };
		02EF5E002591F04500700FC6 /* Encodable+Extensions.swift in Sources */ = {isa = PBXBuildFile; fileRef = 02EF5DFF2591F04500700FC6 /* Encodable+Extensions.swift */; };
		02EF5E0E2591F12700700FC6 /* RepoTableViewCell.swift in Sources */ = {isa = PBXBuildFile; fileRef = 02EF5E0C2591F12700700FC6 /* RepoTableViewCell.swift */; };
		02EF5E0F2591F12700700FC6 /* RepoTableViewCell.xib in Resources */ = {isa = PBXBuildFile; fileRef = 02EF5E0D2591F12700700FC6 /* RepoTableViewCell.xib */; };
/* End PBXBuildFile section */

/* Begin PBXFileReference section */
		028161772590C3C700C3FA0C /* GithubReposMVVM.app */ = {isa = PBXFileReference; explicitFileType = wrapper.application; includeInIndex = 0; path = GithubReposMVVM.app; sourceTree = BUILT_PRODUCTS_DIR; };
		0281617A2590C3C700C3FA0C /* AppDelegate.swift */ = {isa = PBXFileReference; lastKnownFileType = sourcecode.swift; path = AppDelegate.swift; sourceTree = "<group>"; };
		0281617C2590C3C700C3FA0C /* SceneDelegate.swift */ = {isa = PBXFileReference; lastKnownFileType = sourcecode.swift; path = SceneDelegate.swift; sourceTree = "<group>"; };
		0281617E2590C3C700C3FA0C /* ViewController.swift */ = {isa = PBXFileReference; lastKnownFileType = sourcecode.swift; path = ViewController.swift; sourceTree = "<group>"; };
		028161812590C3C700C3FA0C /* Base */ = {isa = PBXFileReference; lastKnownFileType = file.storyboard; name = Base; path = Base.lproj/Main.storyboard; sourceTree = "<group>"; };
		028161832590C3C900C3FA0C /* Assets.xcassets */ = {isa = PBXFileReference; lastKnownFileType = folder.assetcatalog; path = Assets.xcassets; sourceTree = "<group>"; };
		028161862590C3C900C3FA0C /* Base */ = {isa = PBXFileReference; lastKnownFileType = file.storyboard; name = Base; path = Base.lproj/LaunchScreen.storyboard; sourceTree = "<group>"; };
		028161882590C3C900C3FA0C /* Info.plist */ = {isa = PBXFileReference; lastKnownFileType = text.plist.xml; path = Info.plist; sourceTree = "<group>"; };
		02EF5DEF2591E13C00700FC6 /* Repo.swift */ = {isa = PBXFileReference; lastKnownFileType = sourcecode.swift; path = Repo.swift; sourceTree = "<group>"; };
		02EF5DF22591E14400700FC6 /* RepoViewModel.swift */ = {isa = PBXFileReference; lastKnownFileType = sourcecode.swift; path = RepoViewModel.swift; sourceTree = "<group>"; };
		02EF5DF72591E3A300700FC6 /* GetReposResponse.swift */ = {isa = PBXFileReference; lastKnownFileType = sourcecode.swift; path = GetReposResponse.swift; sourceTree = "<group>"; };
		02EF5DFC2591E59200700FC6 /* GetReposRequest.swift */ = {isa = PBXFileReference; lastKnownFileType = sourcecode.swift; path = GetReposRequest.swift; sourceTree = "<group>"; };
		02EF5DFF2591F04500700FC6 /* Encodable+Extensions.swift */ = {isa = PBXFileReference; lastKnownFileType = sourcecode.swift; path = "Encodable+Extensions.swift"; sourceTree = "<group>"; };
		02EF5E0C2591F12700700FC6 /* RepoTableViewCell.swift */ = {isa = PBXFileReference; lastKnownFileType = sourcecode.swift; path = RepoTableViewCell.swift; sourceTree = "<group>"; };
		02EF5E0D2591F12700700FC6 /* RepoTableViewCell.xib */ = {isa = PBXFileReference; lastKnownFileType = file.xib; path = RepoTableViewCell.xib; sourceTree = "<group>"; };
/* End PBXFileReference section */

/* Begin PBXFrameworksBuildPhase section */
		028161742590C3C700C3FA0C /* Frameworks */ = {
			isa = PBXFrameworksBuildPhase;
			buildActionMask = 2147483647;
			files = (
			);
			runOnlyForDeploymentPostprocessing = 0;
		};
/* End PBXFrameworksBuildPhase section */

/* Begin PBXGroup section */
		0281616E2590C3C600C3FA0C = {
			isa = PBXGroup;
			children = (
				028161792590C3C700C3FA0C /* GithubReposMVVM */,
				028161782590C3C700C3FA0C /* Products */,
			);
			sourceTree = "<group>";
		};
		028161782590C3C700C3FA0C /* Products */ = {
			isa = PBXGroup;
			children = (
				028161772590C3C700C3FA0C /* GithubReposMVVM.app */,
			);
			name = Products;
			sourceTree = "<group>";
		};
		028161792590C3C700C3FA0C /* GithubReposMVVM */ = {
			isa = PBXGroup;
			children = (
				0281617A2590C3C700C3FA0C /* AppDelegate.swift */,
				0281617C2590C3C700C3FA0C /* SceneDelegate.swift */,
				02EF5DF52591E33D00700FC6 /* Models */,
				02EF5E032591F0B000700FC6 /* ViewModels */,
				02EF5E062591F0CB00700FC6 /* ViewControllers */,
				02EF5E0A2591F10A00700FC6 /* Views */,
				02EF5E052591F0C200700FC6 /* Scenes */,
				02EF5E112591F33200700FC6 /* Shared */,
				028161832590C3C900C3FA0C /* Assets.xcassets */,
				028161882590C3C900C3FA0C /* Info.plist */,
			);
			path = GithubReposMVVM;
			sourceTree = "<group>";
		};
		02EF5DF52591E33D00700FC6 /* Models */ = {
			isa = PBXGroup;
			children = (
				02EF5DEF2591E13C00700FC6 /* Repo.swift */,
				02EF5DFC2591E59200700FC6 /* GetReposRequest.swift */,
				02EF5DF72591E3A300700FC6 /* GetReposResponse.swift */,
			);
			path = Models;
			sourceTree = "<group>";
		};
		02EF5E032591F0B000700FC6 /* ViewModels */ = {
			isa = PBXGroup;
			children = (
				02EF5DF22591E14400700FC6 /* RepoViewModel.swift */,
			);
			path = ViewModels;
			sourceTree = "<group>";
		};
		02EF5E052591F0C200700FC6 /* Scenes */ = {
			isa = PBXGroup;
			children = (
				028161802590C3C700C3FA0C /* Main.storyboard */,
				028161852590C3C900C3FA0C /* LaunchScreen.storyboard */,
			);
			path = Scenes;
			sourceTree = "<group>";
		};
		02EF5E062591F0CB00700FC6 /* ViewControllers */ = {
			isa = PBXGroup;
			children = (
				0281617E2590C3C700C3FA0C /* ViewController.swift */,
			);
			path = ViewControllers;
			sourceTree = "<group>";
		};
		02EF5E0A2591F10A00700FC6 /* Views */ = {
			isa = PBXGroup;
			children = (
				02EF5E0C2591F12700700FC6 /* RepoTableViewCell.swift */,
				02EF5E0D2591F12700700FC6 /* RepoTableViewCell.xib */,
			);
			path = Views;
			sourceTree = "<group>";
		};
		02EF5E112591F33200700FC6 /* Shared */ = {
			isa = PBXGroup;
			children = (
				02EF5DFF2591F04500700FC6 /* Encodable+Extensions.swift */,
			);
			path = Shared;
			sourceTree = "<group>";
		};
/* End PBXGroup section */

/* Begin PBXNativeTarget section */
		028161762590C3C700C3FA0C /* GithubReposMVVM */ = {
			isa = PBXNativeTarget;
			buildConfigurationList = 0281618B2590C3C900C3FA0C /* Build configuration list for PBXNativeTarget "GithubReposMVVM" */;
			buildPhases = (
				028161732590C3C700C3FA0C /* Sources */,
				028161742590C3C700C3FA0C /* Frameworks */,
				028161752590C3C700C3FA0C /* Resources */,
			);
			buildRules = (
			);
			dependencies = (
			);
			name = GithubReposMVVM;
			productName = GithubReposMVVM;
			productReference = 028161772590C3C700C3FA0C /* GithubReposMVVM.app */;
			productType = "com.apple.product-type.application";
		};
/* End PBXNativeTarget section */

/* Begin PBXProject section */
		0281616F2590C3C600C3FA0C /* Project object */ = {
			isa = PBXProject;
			attributes = {
				LastSwiftUpdateCheck = 1230;
				LastUpgradeCheck = 1230;
				TargetAttributes = {
					028161762590C3C700C3FA0C = {
						CreatedOnToolsVersion = 12.3;
					};
				};
			};
			buildConfigurationList = 028161722590C3C600C3FA0C /* Build configuration list for PBXProject "GithubReposMVVM" */;
			compatibilityVersion = "Xcode 9.3";
			developmentRegion = en;
			hasScannedForEncodings = 0;
			knownRegions = (
				en,
				Base,
			);
			mainGroup = 0281616E2590C3C600C3FA0C;
			productRefGroup = 028161782590C3C700C3FA0C /* Products */;
			projectDirPath = "";
			projectRoot = "";
			targets = (
				028161762590C3C700C3FA0C /* GithubReposMVVM */,
			);
		};
/* End PBXProject section */

/* Begin PBXResourcesBuildPhase section */
		028161752590C3C700C3FA0C /* Resources */ = {
			isa = PBXResourcesBuildPhase;
			buildActionMask = 2147483647;
			files = (
				028161872590C3C900C3FA0C /* LaunchScreen.storyboard in Resources */,
				028161842590C3C900C3FA0C /* Assets.xcassets in Resources */,
				028161822590C3C700C3FA0C /* Main.storyboard in Resources */,
				02EF5E0F2591F12700700FC6 /* RepoTableViewCell.xib in Resources */,
			);
			runOnlyForDeploymentPostprocessing = 0;
		};
/* End PBXResourcesBuildPhase section */

/* Begin PBXSourcesBuildPhase section */
		028161732590C3C700C3FA0C /* Sources */ = {
			isa = PBXSourcesBuildPhase;
			buildActionMask = 2147483647;
			files = (
				02EF5DF32591E14400700FC6 /* RepoViewModel.swift in Sources */,
				0281617F2590C3C700C3FA0C /* ViewController.swift in Sources */,
				02EF5DF02591E13C00700FC6 /* Repo.swift in Sources */,
				02EF5E002591F04500700FC6 /* Encodable+Extensions.swift in Sources */,
				02EF5DFD2591E59200700FC6 /* GetReposRequest.swift in Sources */,
				02EF5E0E2591F12700700FC6 /* RepoTableViewCell.swift in Sources */,
				02EF5DF82591E3A300700FC6 /* GetReposResponse.swift in Sources */,
				0281617B2590C3C700C3FA0C /* AppDelegate.swift in Sources */,
				0281617D2590C3C700C3FA0C /* SceneDelegate.swift in Sources */,
			);
			runOnlyForDeploymentPostprocessing = 0;
		};
/* End PBXSourcesBuildPhase section */

/* Begin PBXVariantGroup section */
		028161802590C3C700C3FA0C /* Main.storyboard */ = {
			isa = PBXVariantGroup;
			children = (
				028161812590C3C700C3FA0C /* Base */,
			);
			name = Main.storyboard;
			sourceTree = "<group>";
		};
		028161852590C3C900C3FA0C /* LaunchScreen.storyboard */ = {
			isa = PBXVariantGroup;
			children = (
				028161862590C3C900C3FA0C /* Base */,
			);
			name = LaunchScreen.storyboard;
			sourceTree = "<group>";
		};
/* End PBXVariantGroup section */

/* Begin XCBuildConfiguration section */
		028161892590C3C900C3FA0C /* Debug */ = {
			isa = XCBuildConfiguration;
			buildSettings = {
				ALWAYS_SEARCH_USER_PATHS = NO;
				CLANG_ANALYZER_NONNULL = YES;
				CLANG_ANALYZER_NUMBER_OBJECT_CONVERSION = YES_AGGRESSIVE;
				CLANG_CXX_LANGUAGE_STANDARD = "gnu++14";
				CLANG_CXX_LIBRARY = "libc++";
				CLANG_ENABLE_MODULES = YES;
				CLANG_ENABLE_OBJC_ARC = YES;
				CLANG_ENABLE_OBJC_WEAK = YES;
				CLANG_WARN_BLOCK_CAPTURE_AUTORELEASING = YES;
				CLANG_WARN_BOOL_CONVERSION = YES;
				CLANG_WARN_COMMA = YES;
				CLANG_WARN_CONSTANT_CONVERSION = YES;
				CLANG_WARN_DEPRECATED_OBJC_IMPLEMENTATIONS = YES;
				CLANG_WARN_DIRECT_OBJC_ISA_USAGE = YES_ERROR;
				CLANG_WARN_DOCUMENTATION_COMMENTS = YES;
				CLANG_WARN_EMPTY_BODY = YES;
				CLANG_WARN_ENUM_CONVERSION = YES;
				CLANG_WARN_INFINITE_RECURSION = YES;
				CLANG_WARN_INT_CONVERSION = YES;
				CLANG_WARN_NON_LITERAL_NULL_CONVERSION = YES;
				CLANG_WARN_OBJC_IMPLICIT_RETAIN_SELF = YES;
				CLANG_WARN_OBJC_LITERAL_CONVERSION = YES;
				CLANG_WARN_OBJC_ROOT_CLASS = YES_ERROR;
				CLANG_WARN_QUOTED_INCLUDE_IN_FRAMEWORK_HEADER = YES;
				CLANG_WARN_RANGE_LOOP_ANALYSIS = YES;
				CLANG_WARN_STRICT_PROTOTYPES = YES;
				CLANG_WARN_SUSPICIOUS_MOVE = YES;
				CLANG_WARN_UNGUARDED_AVAILABILITY = YES_AGGRESSIVE;
				CLANG_WARN_UNREACHABLE_CODE = YES;
				CLANG_WARN__DUPLICATE_METHOD_MATCH = YES;
				COPY_PHASE_STRIP = NO;
				DEBUG_INFORMATION_FORMAT = dwarf;
				ENABLE_STRICT_OBJC_MSGSEND = YES;
				ENABLE_TESTABILITY = YES;
				GCC_C_LANGUAGE_STANDARD = gnu11;
				GCC_DYNAMIC_NO_PIC = NO;
				GCC_NO_COMMON_BLOCKS = YES;
				GCC_OPTIMIZATION_LEVEL = 0;
				GCC_PREPROCESSOR_DEFINITIONS = (
					"DEBUG=1",
					"$(inherited)",
				);
				GCC_WARN_64_TO_32_BIT_CONVERSION = YES;
				GCC_WARN_ABOUT_RETURN_TYPE = YES_ERROR;
				GCC_WARN_UNDECLARED_SELECTOR = YES;
				GCC_WARN_UNINITIALIZED_AUTOS = YES_AGGRESSIVE;
				GCC_WARN_UNUSED_FUNCTION = YES;
				GCC_WARN_UNUSED_VARIABLE = YES;
				IPHONEOS_DEPLOYMENT_TARGET = 14.3;
				MTL_ENABLE_DEBUG_INFO = INCLUDE_SOURCE;
				MTL_FAST_MATH = YES;
				ONLY_ACTIVE_ARCH = YES;
				SDKROOT = iphoneos;
				SWIFT_ACTIVE_COMPILATION_CONDITIONS = DEBUG;
				SWIFT_OPTIMIZATION_LEVEL = "-Onone";
			};
			name = Debug;
		};
		0281618A2590C3C900C3FA0C /* Release */ = {
			isa = XCBuildConfiguration;
			buildSettings = {
				ALWAYS_SEARCH_USER_PATHS = NO;
				CLANG_ANALYZER_NONNULL = YES;
				CLANG_ANALYZER_NUMBER_OBJECT_CONVERSION = YES_AGGRESSIVE;
				CLANG_CXX_LANGUAGE_STANDARD = "gnu++14";
				CLANG_CXX_LIBRARY = "libc++";
				CLANG_ENABLE_MODULES = YES;
				CLANG_ENABLE_OBJC_ARC = YES;
				CLANG_ENABLE_OBJC_WEAK = YES;
				CLANG_WARN_BLOCK_CAPTURE_AUTORELEASING = YES;
				CLANG_WARN_BOOL_CONVERSION = YES;
				CLANG_WARN_COMMA = YES;
				CLANG_WARN_CONSTANT_CONVERSION = YES;
				CLANG_WARN_DEPRECATED_OBJC_IMPLEMENTATIONS = YES;
				CLANG_WARN_DIRECT_OBJC_ISA_USAGE = YES_ERROR;
				CLANG_WARN_DOCUMENTATION_COMMENTS = YES;
				CLANG_WARN_EMPTY_BODY = YES;
				CLANG_WARN_ENUM_CONVERSION = YES;
				CLANG_WARN_INFINITE_RECURSION = YES;
				CLANG_WARN_INT_CONVERSION = YES;
				CLANG_WARN_NON_LITERAL_NULL_CONVERSION = YES;
				CLANG_WARN_OBJC_IMPLICIT_RETAIN_SELF = YES;
				CLANG_WARN_OBJC_LITERAL_CONVERSION = YES;
				CLANG_WARN_OBJC_ROOT_CLASS = YES_ERROR;
				CLANG_WARN_QUOTED_INCLUDE_IN_FRAMEWORK_HEADER = YES;
				CLANG_WARN_RANGE_LOOP_ANALYSIS = YES;
				CLANG_WARN_STRICT_PROTOTYPES = YES;
				CLANG_WARN_SUSPICIOUS_MOVE = YES;
				CLANG_WARN_UNGUARDED_AVAILABILITY = YES_AGGRESSIVE;
				CLANG_WARN_UNREACHABLE_CODE = YES;
				CLANG_WARN__DUPLICATE_METHOD_MATCH = YES;
				COPY_PHASE_STRIP = NO;
				DEBUG_INFORMATION_FORMAT = "dwarf-with-dsym";
				ENABLE_NS_ASSERTIONS = NO;
				ENABLE_STRICT_OBJC_MSGSEND = YES;
				GCC_C_LANGUAGE_STANDARD = gnu11;
				GCC_NO_COMMON_BLOCKS = YES;
				GCC_WARN_64_TO_32_BIT_CONVERSION = YES;
				GCC_WARN_ABOUT_RETURN_TYPE = YES_ERROR;
				GCC_WARN_UNDECLARED_SELECTOR = YES;
				GCC_WARN_UNINITIALIZED_AUTOS = YES_AGGRESSIVE;
				GCC_WARN_UNUSED_FUNCTION = YES;
				GCC_WARN_UNUSED_VARIABLE = YES;
				IPHONEOS_DEPLOYMENT_TARGET = 14.3;
				MTL_ENABLE_DEBUG_INFO = NO;
				MTL_FAST_MATH = YES;
				SDKROOT = iphoneos;
				SWIFT_COMPILATION_MODE = wholemodule;
				SWIFT_OPTIMIZATION_LEVEL = "-O";
				VALIDATE_PRODUCT = YES;
			};
			name = Release;
		};
		0281618C2590C3C900C3FA0C /* Debug */ = {
			isa = XCBuildConfiguration;
			buildSettings = {
				ASSETCATALOG_COMPILER_APPICON_NAME = AppIcon;
				ASSETCATALOG_COMPILER_GLOBAL_ACCENT_COLOR_NAME = AccentColor;
				CODE_SIGN_STYLE = Automatic;
				DEVELOPMENT_TEAM = QR6ALTN3DU;
				INFOPLIST_FILE = GithubReposMVVM/Info.plist;
				IPHONEOS_DEPLOYMENT_TARGET = 13.0;
				LD_RUNPATH_SEARCH_PATHS = (
					"$(inherited)",
					"@executable_path/Frameworks",
				);
				PRODUCT_BUNDLE_IDENTIFIER = den.kotliar.GithubReposMVVM;
				PRODUCT_NAME = "$(TARGET_NAME)";
				SWIFT_VERSION = 5.0;
				TARGETED_DEVICE_FAMILY = 1;
			};
			name = Debug;
		};
		0281618D2590C3C900C3FA0C /* Release */ = {
			isa = XCBuildConfiguration;
			buildSettings = {
				ASSETCATALOG_COMPILER_APPICON_NAME = AppIcon;
				ASSETCATALOG_COMPILER_GLOBAL_ACCENT_COLOR_NAME = AccentColor;
				CODE_SIGN_STYLE = Automatic;
				DEVELOPMENT_TEAM = QR6ALTN3DU;
				INFOPLIST_FILE = GithubReposMVVM/Info.plist;
				IPHONEOS_DEPLOYMENT_TARGET = 13.0;
				LD_RUNPATH_SEARCH_PATHS = (
					"$(inherited)",
					"@executable_path/Frameworks",
				);
				PRODUCT_BUNDLE_IDENTIFIER = den.kotliar.GithubReposMVVM;
				PRODUCT_NAME = "$(TARGET_NAME)";
				SWIFT_VERSION = 5.0;
				TARGETED_DEVICE_FAMILY = 1;
			};
			name = Release;
		};
/* End XCBuildConfiguration section */

/* Begin XCConfigurationList section */
		028161722590C3C600C3FA0C /* Build configuration list for PBXProject "GithubReposMVVM" */ = {
			isa = XCConfigurationList;
			buildConfigurations = (
				028161892590C3C900C3FA0C /* Debug */,
				0281618A2590C3C900C3FA0C /* Release */,
			);
			defaultConfigurationIsVisible = 0;
			defaultConfigurationName = Release;
		};
		0281618B2590C3C900C3FA0C /* Build configuration list for PBXNativeTarget "GithubReposMVVM" */ = {
			isa = XCConfigurationList;
			buildConfigurations = (
				0281618C2590C3C900C3FA0C /* Debug */,
				0281618D2590C3C900C3FA0C /* Release */,
			);
			defaultConfigurationIsVisible = 0;
			defaultConfigurationName = Release;
		};
/* End XCConfigurationList section */
	};
	rootObject = 0281616F2590C3C600C3FA0C /* Project object */;
}
